// !$*UTF8*$!
{
	archiveVersion = 1;
	classes = {
	};
	objectVersion = 48;
	objects = {

/* Begin PBXBuildFile section */
		9F1354041FDF0D8B007D6919 /* GameIcon.swift in Sources */ = {isa = PBXBuildFile; fileRef = 9F1354031FDF0D8B007D6919 /* GameIcon.swift */; };
		9F1354111FDF2BEA007D6919 /* icons in Resources */ = {isa = PBXBuildFile; fileRef = 9F1354101FDF2BEA007D6919 /* icons */; };
		9F1354141FDF2C0F007D6919 /* SwiftSVG.framework in Frameworks */ = {isa = PBXBuildFile; fileRef = 9F13540C1FDF2BCF007D6919 /* SwiftSVG.framework */; };
		9F8B286F1FDDEE8F006C8917 /* GameIcons.framework in Frameworks */ = {isa = PBXBuildFile; fileRef = 9F8B28651FDDEE8F006C8917 /* GameIcons.framework */; };
		9F8B28741FDDEE8F006C8917 /* GameIconTests.swift in Sources */ = {isa = PBXBuildFile; fileRef = 9F8B28731FDDEE8F006C8917 /* GameIconTests.swift */; };
		9F8B28761FDDEE8F006C8917 /* GameIcons.h in Headers */ = {isa = PBXBuildFile; fileRef = 9F8B28681FDDEE8F006C8917 /* GameIcons.h */; settings = {ATTRIBUTES = (Public, ); }; };
/* End PBXBuildFile section */

/* Begin PBXContainerItemProxy section */
		9F13540B1FDF2BCF007D6919 /* PBXContainerItemProxy */ = {
			isa = PBXContainerItemProxy;
			containerPortal = 9F1354061FDF2BCE007D6919 /* SwiftSVG.xcodeproj */;
			proxyType = 2;
			remoteGlobalIDString = 39B8D88C1B3C3283009DAF60;
			remoteInfo = SwiftSVG;
		};
		9F13540D1FDF2BCF007D6919 /* PBXContainerItemProxy */ = {
			isa = PBXContainerItemProxy;
			containerPortal = 9F1354061FDF2BCE007D6919 /* SwiftSVG.xcodeproj */;
			proxyType = 2;
			remoteGlobalIDString = 176BC9901EE474D100F7B54C;
			remoteInfo = SwiftSVGTests;
		};
		9F1354121FDF2C08007D6919 /* PBXContainerItemProxy */ = {
			isa = PBXContainerItemProxy;
			containerPortal = 9F1354061FDF2BCE007D6919 /* SwiftSVG.xcodeproj */;
			proxyType = 1;
			remoteGlobalIDString = 39B8D88B1B3C3283009DAF60;
			remoteInfo = SwiftSVG;
		};
		9F8B28701FDDEE8F006C8917 /* PBXContainerItemProxy */ = {
			isa = PBXContainerItemProxy;
			containerPortal = 9F8B285C1FDDEE8E006C8917 /* Project object */;
			proxyType = 1;
			remoteGlobalIDString = 9F8B28641FDDEE8F006C8917;
			remoteInfo = GameIcons;
		};
/* End PBXContainerItemProxy section */

/* Begin PBXFileReference section */
		9F1354031FDF0D8B007D6919 /* GameIcon.swift */ = {isa = PBXFileReference; lastKnownFileType = sourcecode.swift; path = GameIcon.swift; sourceTree = "<group>"; };
		9F1354061FDF2BCE007D6919 /* SwiftSVG.xcodeproj */ = {isa = PBXFileReference; lastKnownFileType = "wrapper.pb-project"; name = SwiftSVG.xcodeproj; path = ../Frameworks/SwiftSVG/SwiftSVG.xcodeproj; sourceTree = "<group>"; };
		9F1354101FDF2BEA007D6919 /* icons */ = {isa = PBXFileReference; lastKnownFileType = folder; name = icons; path = ../Resources/icons; sourceTree = "<group>"; };
		9F27D1A12001567600A3560B /* README.md */ = {isa = PBXFileReference; fileEncoding = 4; lastKnownFileType = net.daringfireball.markdown; name = README.md; path = ../README.md; sourceTree = "<group>"; };
		9F27D1A920015B7100A3560B /* .travis.yml */ = {isa = PBXFileReference; fileEncoding = 4; lastKnownFileType = text; name = .travis.yml; path = ../.travis.yml; sourceTree = "<group>"; };
		9F2F1470208D3083003E83E0 /* .swiftlint.yml */ = {isa = PBXFileReference; fileEncoding = 4; lastKnownFileType = text; path = .swiftlint.yml; sourceTree = "<group>"; };
		9F2F1472208D309D003E83E0 /* .swiftlint.yml */ = {isa = PBXFileReference; fileEncoding = 4; lastKnownFileType = text; path = .swiftlint.yml; sourceTree = "<group>"; };
		9F8B28651FDDEE8F006C8917 /* GameIcons.framework */ = {isa = PBXFileReference; explicitFileType = wrapper.framework; includeInIndex = 0; path = GameIcons.framework; sourceTree = BUILT_PRODUCTS_DIR; };
		9F8B28681FDDEE8F006C8917 /* GameIcons.h */ = {isa = PBXFileReference; lastKnownFileType = sourcecode.c.h; path = GameIcons.h; sourceTree = "<group>"; };
		9F8B28691FDDEE8F006C8917 /* Info.plist */ = {isa = PBXFileReference; lastKnownFileType = text.plist.xml; path = Info.plist; sourceTree = "<group>"; };
		9F8B286E1FDDEE8F006C8917 /* GameIconsTests.xctest */ = {isa = PBXFileReference; explicitFileType = wrapper.cfbundle; includeInIndex = 0; path = GameIconsTests.xctest; sourceTree = BUILT_PRODUCTS_DIR; };
		9F8B28731FDDEE8F006C8917 /* GameIconTests.swift */ = {isa = PBXFileReference; lastKnownFileType = sourcecode.swift; path = GameIconTests.swift; sourceTree = "<group>"; };
		9F8B28751FDDEE8F006C8917 /* Info.plist */ = {isa = PBXFileReference; lastKnownFileType = text.plist.xml; path = Info.plist; sourceTree = "<group>"; };
/* End PBXFileReference section */

/* Begin PBXFrameworksBuildPhase section */
		9F8B28611FDDEE8F006C8917 /* Frameworks */ = {
			isa = PBXFrameworksBuildPhase;
			buildActionMask = 2147483647;
			files = (
				9F1354141FDF2C0F007D6919 /* SwiftSVG.framework in Frameworks */,
			);
			runOnlyForDeploymentPostprocessing = 0;
		};
		9F8B286B1FDDEE8F006C8917 /* Frameworks */ = {
			isa = PBXFrameworksBuildPhase;
			buildActionMask = 2147483647;
			files = (
				9F8B286F1FDDEE8F006C8917 /* GameIcons.framework in Frameworks */,
			);
			runOnlyForDeploymentPostprocessing = 0;
		};
/* End PBXFrameworksBuildPhase section */

/* Begin PBXGroup section */
		9F1354051FDF2BB9007D6919 /* Frameworks */ = {
			isa = PBXGroup;
			children = (
				9F1354061FDF2BCE007D6919 /* SwiftSVG.xcodeproj */,
			);
			name = Frameworks;
			sourceTree = "<group>";
		};
		9F1354071FDF2BCE007D6919 /* Products */ = {
			isa = PBXGroup;
			children = (
				9F13540C1FDF2BCF007D6919 /* SwiftSVG.framework */,
				9F13540E1FDF2BCF007D6919 /* SwiftSVGTests.xctest */,
			);
			name = Products;
			sourceTree = "<group>";
		};
		9F13540F1FDF2BD5007D6919 /* Resources */ = {
			isa = PBXGroup;
			children = (
				9F1354101FDF2BEA007D6919 /* icons */,
			);
			name = Resources;
			sourceTree = "<group>";
		};
		9F8B285B1FDDEE8E006C8917 = {
			isa = PBXGroup;
			children = (
				9F8B28671FDDEE8F006C8917 /* GameIcons */,
				9F8B28721FDDEE8F006C8917 /* GameIconsTests */,
				9F1354051FDF2BB9007D6919 /* Frameworks */,
				9F13540F1FDF2BD5007D6919 /* Resources */,
				9F8B28661FDDEE8F006C8917 /* Products */,
				9F27D1A12001567600A3560B /* README.md */,
				9F27D1A920015B7100A3560B /* .travis.yml */,
			);
			sourceTree = "<group>";
		};
		9F8B28661FDDEE8F006C8917 /* Products */ = {
			isa = PBXGroup;
			children = (
				9F8B28651FDDEE8F006C8917 /* GameIcons.framework */,
				9F8B286E1FDDEE8F006C8917 /* GameIconsTests.xctest */,
			);
			name = Products;
			sourceTree = "<group>";
		};
		9F8B28671FDDEE8F006C8917 /* GameIcons */ = {
			isa = PBXGroup;
			children = (
				9F8B28681FDDEE8F006C8917 /* GameIcons.h */,
				9F1354031FDF0D8B007D6919 /* GameIcon.swift */,
				9F8B28691FDDEE8F006C8917 /* Info.plist */,
				9F2F1470208D3083003E83E0 /* .swiftlint.yml */,
			);
			path = GameIcons;
			sourceTree = "<group>";
		};
		9F8B28721FDDEE8F006C8917 /* GameIconsTests */ = {
			isa = PBXGroup;
			children = (
				9F8B28731FDDEE8F006C8917 /* GameIconTests.swift */,
				9F8B28751FDDEE8F006C8917 /* Info.plist */,
				9F2F1472208D309D003E83E0 /* .swiftlint.yml */,
			);
			path = GameIconsTests;
			sourceTree = "<group>";
		};
/* End PBXGroup section */

/* Begin PBXHeadersBuildPhase section */
		9F8B28621FDDEE8F006C8917 /* Headers */ = {
			isa = PBXHeadersBuildPhase;
			buildActionMask = 2147483647;
			files = (
				9F8B28761FDDEE8F006C8917 /* GameIcons.h in Headers */,
			);
			runOnlyForDeploymentPostprocessing = 0;
		};
/* End PBXHeadersBuildPhase section */

/* Begin PBXNativeTarget section */
		9F8B28641FDDEE8F006C8917 /* GameIcons */ = {
			isa = PBXNativeTarget;
			buildConfigurationList = 9F8B28791FDDEE8F006C8917 /* Build configuration list for PBXNativeTarget "GameIcons" */;
			buildPhases = (
				9F8B28601FDDEE8F006C8917 /* Sources */,
				9F8B28611FDDEE8F006C8917 /* Frameworks */,
				9F8B28621FDDEE8F006C8917 /* Headers */,
				9F8B28631FDDEE8F006C8917 /* Resources */,
				9F27D19B1FFEC56200A3560B /* ShellScript */,
			);
			buildRules = (
			);
			dependencies = (
				9F1354131FDF2C08007D6919 /* PBXTargetDependency */,
			);
			name = GameIcons;
			productName = GameIcons;
			productReference = 9F8B28651FDDEE8F006C8917 /* GameIcons.framework */;
			productType = "com.apple.product-type.framework";
		};
		9F8B286D1FDDEE8F006C8917 /* GameIconsTests */ = {
			isa = PBXNativeTarget;
			buildConfigurationList = 9F8B287C1FDDEE8F006C8917 /* Build configuration list for PBXNativeTarget "GameIconsTests" */;
			buildPhases = (
				9F8B286A1FDDEE8F006C8917 /* Sources */,
				9F8B286B1FDDEE8F006C8917 /* Frameworks */,
				9F8B286C1FDDEE8F006C8917 /* Resources */,
			);
			buildRules = (
			);
			dependencies = (
				9F8B28711FDDEE8F006C8917 /* PBXTargetDependency */,
			);
			name = GameIconsTests;
			productName = GameIconsTests;
			productReference = 9F8B286E1FDDEE8F006C8917 /* GameIconsTests.xctest */;
			productType = "com.apple.product-type.bundle.unit-test";
		};
/* End PBXNativeTarget section */

/* Begin PBXProject section */
		9F8B285C1FDDEE8E006C8917 /* Project object */ = {
			isa = PBXProject;
			attributes = {
				LastSwiftUpdateCheck = 0920;
				LastUpgradeCheck = 0930;
				ORGANIZATIONNAME = Quantum;
				TargetAttributes = {
					9F8B28641FDDEE8F006C8917 = {
						CreatedOnToolsVersion = 9.2;
						LastSwiftMigration = 0920;
						ProvisioningStyle = Automatic;
					};
					9F8B286D1FDDEE8F006C8917 = {
						CreatedOnToolsVersion = 9.2;
						ProvisioningStyle = Automatic;
					};
				};
			};
			buildConfigurationList = 9F8B285F1FDDEE8E006C8917 /* Build configuration list for PBXProject "GameIcons" */;
			compatibilityVersion = "Xcode 8.0";
			developmentRegion = en;
			hasScannedForEncodings = 0;
			knownRegions = (
				en,
			);
			mainGroup = 9F8B285B1FDDEE8E006C8917;
			productRefGroup = 9F8B28661FDDEE8F006C8917 /* Products */;
			projectDirPath = "";
			projectReferences = (
				{
					ProductGroup = 9F1354071FDF2BCE007D6919 /* Products */;
					ProjectRef = 9F1354061FDF2BCE007D6919 /* SwiftSVG.xcodeproj */;
				},
			);
			projectRoot = "";
			targets = (
				9F8B28641FDDEE8F006C8917 /* GameIcons */,
				9F8B286D1FDDEE8F006C8917 /* GameIconsTests */,
			);
		};
/* End PBXProject section */

/* Begin PBXReferenceProxy section */
		9F13540C1FDF2BCF007D6919 /* SwiftSVG.framework */ = {
			isa = PBXReferenceProxy;
			fileType = wrapper.framework;
			path = SwiftSVG.framework;
			remoteRef = 9F13540B1FDF2BCF007D6919 /* PBXContainerItemProxy */;
			sourceTree = BUILT_PRODUCTS_DIR;
		};
		9F13540E1FDF2BCF007D6919 /* SwiftSVGTests.xctest */ = {
			isa = PBXReferenceProxy;
			fileType = wrapper.cfbundle;
			path = SwiftSVGTests.xctest;
			remoteRef = 9F13540D1FDF2BCF007D6919 /* PBXContainerItemProxy */;
			sourceTree = BUILT_PRODUCTS_DIR;
		};
/* End PBXReferenceProxy section */

/* Begin PBXResourcesBuildPhase section */
		9F8B28631FDDEE8F006C8917 /* Resources */ = {
			isa = PBXResourcesBuildPhase;
			buildActionMask = 2147483647;
			files = (
				9F1354111FDF2BEA007D6919 /* icons in Resources */,
			);
			runOnlyForDeploymentPostprocessing = 0;
		};
		9F8B286C1FDDEE8F006C8917 /* Resources */ = {
			isa = PBXResourcesBuildPhase;
			buildActionMask = 2147483647;
			files = (
			);
			runOnlyForDeploymentPostprocessing = 0;
		};
/* End PBXResourcesBuildPhase section */

/* Begin PBXShellScriptBuildPhase section */
		9F27D19B1FFEC56200A3560B /* ShellScript */ = {
			isa = PBXShellScriptBuildPhase;
			buildActionMask = 2147483647;
			files = (
			);
			inputPaths = (
			);
			outputPaths = (
			);
			runOnlyForDeploymentPostprocessing = 0;
			shellPath = /bin/sh;
			shellScript = "if which swiftlint >/dev/null; then\nswiftlint\nelse\necho \"warning: SwiftLint not installed, download from https://github.com/realm/SwiftLint\"\nfi";
		};
/* End PBXShellScriptBuildPhase section */

/* Begin PBXSourcesBuildPhase section */
		9F8B28601FDDEE8F006C8917 /* Sources */ = {
			isa = PBXSourcesBuildPhase;
			buildActionMask = 2147483647;
			files = (
				9F1354041FDF0D8B007D6919 /* GameIcon.swift in Sources */,
			);
			runOnlyForDeploymentPostprocessing = 0;
		};
		9F8B286A1FDDEE8F006C8917 /* Sources */ = {
			isa = PBXSourcesBuildPhase;
			buildActionMask = 2147483647;
			files = (
				9F8B28741FDDEE8F006C8917 /* GameIconTests.swift in Sources */,
			);
			runOnlyForDeploymentPostprocessing = 0;
		};
/* End PBXSourcesBuildPhase section */

/* Begin PBXTargetDependency section */
		9F1354131FDF2C08007D6919 /* PBXTargetDependency */ = {
			isa = PBXTargetDependency;
			name = SwiftSVG;
			targetProxy = 9F1354121FDF2C08007D6919 /* PBXContainerItemProxy */;
		};
		9F8B28711FDDEE8F006C8917 /* PBXTargetDependency */ = {
			isa = PBXTargetDependency;
			target = 9F8B28641FDDEE8F006C8917 /* GameIcons */;
			targetProxy = 9F8B28701FDDEE8F006C8917 /* PBXContainerItemProxy */;
		};
/* End PBXTargetDependency section */

/* Begin XCBuildConfiguration section */
		9F8B28771FDDEE8F006C8917 /* Debug */ = {
			isa = XCBuildConfiguration;
			buildSettings = {
				ALWAYS_SEARCH_USER_PATHS = NO;
				CLANG_ANALYZER_NONNULL = YES;
				CLANG_ANALYZER_NUMBER_OBJECT_CONVERSION = YES_AGGRESSIVE;
				CLANG_CXX_LANGUAGE_STANDARD = "gnu++14";
				CLANG_CXX_LIBRARY = "libc++";
				CLANG_ENABLE_MODULES = YES;
				CLANG_ENABLE_OBJC_ARC = YES;
				CLANG_WARN_BLOCK_CAPTURE_AUTORELEASING = YES;
				CLANG_WARN_BOOL_CONVERSION = YES;
				CLANG_WARN_COMMA = YES;
				CLANG_WARN_CONSTANT_CONVERSION = YES;
				CLANG_WARN_DEPRECATED_OBJC_IMPLEMENTATIONS = YES;
				CLANG_WARN_DIRECT_OBJC_ISA_USAGE = YES_ERROR;
				CLANG_WARN_DOCUMENTATION_COMMENTS = YES;
				CLANG_WARN_EMPTY_BODY = YES;
				CLANG_WARN_ENUM_CONVERSION = YES;
				CLANG_WARN_INFINITE_RECURSION = YES;
				CLANG_WARN_INT_CONVERSION = YES;
				CLANG_WARN_NON_LITERAL_NULL_CONVERSION = YES;
				CLANG_WARN_OBJC_IMPLICIT_RETAIN_SELF = YES;
				CLANG_WARN_OBJC_LITERAL_CONVERSION = YES;
				CLANG_WARN_OBJC_ROOT_CLASS = YES_ERROR;
				CLANG_WARN_RANGE_LOOP_ANALYSIS = YES;
				CLANG_WARN_STRICT_PROTOTYPES = YES;
				CLANG_WARN_SUSPICIOUS_MOVE = YES;
				CLANG_WARN_UNGUARDED_AVAILABILITY = YES_AGGRESSIVE;
				CLANG_WARN_UNREACHABLE_CODE = YES;
				CLANG_WARN__DUPLICATE_METHOD_MATCH = YES;
				CODE_SIGN_IDENTITY = "iPhone Developer";
				COPY_PHASE_STRIP = NO;
				CURRENT_PROJECT_VERSION = 1;
				DEBUG_INFORMATION_FORMAT = dwarf;
				ENABLE_STRICT_OBJC_MSGSEND = YES;
				ENABLE_TESTABILITY = YES;
				GCC_C_LANGUAGE_STANDARD = gnu11;
				GCC_DYNAMIC_NO_PIC = NO;
				GCC_NO_COMMON_BLOCKS = YES;
				GCC_OPTIMIZATION_LEVEL = 0;
				GCC_PREPROCESSOR_DEFINITIONS = (
					"DEBUG=1",
					"$(inherited)",
				);
				GCC_WARN_64_TO_32_BIT_CONVERSION = YES;
				GCC_WARN_ABOUT_RETURN_TYPE = YES_ERROR;
				GCC_WARN_UNDECLARED_SELECTOR = YES;
				GCC_WARN_UNINITIALIZED_AUTOS = YES_AGGRESSIVE;
				GCC_WARN_UNUSED_FUNCTION = YES;
				GCC_WARN_UNUSED_VARIABLE = YES;
				IPHONEOS_DEPLOYMENT_TARGET = 9.0;
				MTL_ENABLE_DEBUG_INFO = YES;
				ONLY_ACTIVE_ARCH = YES;
				SDKROOT = iphoneos;
				SWIFT_ACTIVE_COMPILATION_CONDITIONS = DEBUG;
				SWIFT_OPTIMIZATION_LEVEL = "-Onone";
				SWIFT_VERSION = 4.0;
				VERSIONING_SYSTEM = "apple-generic";
				VERSION_INFO_PREFIX = "";
			};
			name = Debug;
		};
		9F8B28781FDDEE8F006C8917 /* Release */ = {
			isa = XCBuildConfiguration;
			buildSettings = {
				ALWAYS_SEARCH_USER_PATHS = NO;
				CLANG_ANALYZER_NONNULL = YES;
				CLANG_ANALYZER_NUMBER_OBJECT_CONVERSION = YES_AGGRESSIVE;
				CLANG_CXX_LANGUAGE_STANDARD = "gnu++14";
				CLANG_CXX_LIBRARY = "libc++";
				CLANG_ENABLE_MODULES = YES;
				CLANG_ENABLE_OBJC_ARC = YES;
				CLANG_WARN_BLOCK_CAPTURE_AUTORELEASING = YES;
				CLANG_WARN_BOOL_CONVERSION = YES;
				CLANG_WARN_COMMA = YES;
				CLANG_WARN_CONSTANT_CONVERSION = YES;
				CLANG_WARN_DEPRECATED_OBJC_IMPLEMENTATIONS = YES;
				CLANG_WARN_DIRECT_OBJC_ISA_USAGE = YES_ERROR;
				CLANG_WARN_DOCUMENTATION_COMMENTS = YES;
				CLANG_WARN_EMPTY_BODY = YES;
				CLANG_WARN_ENUM_CONVERSION = YES;
				CLANG_WARN_INFINITE_RECURSION = YES;
				CLANG_WARN_INT_CONVERSION = YES;
				CLANG_WARN_NON_LITERAL_NULL_CONVERSION = YES;
				CLANG_WARN_OBJC_IMPLICIT_RETAIN_SELF = YES;
				CLANG_WARN_OBJC_LITERAL_CONVERSION = YES;
				CLANG_WARN_OBJC_ROOT_CLASS = YES_ERROR;
				CLANG_WARN_RANGE_LOOP_ANALYSIS = YES;
				CLANG_WARN_STRICT_PROTOTYPES = YES;
				CLANG_WARN_SUSPICIOUS_MOVE = YES;
				CLANG_WARN_UNGUARDED_AVAILABILITY = YES_AGGRESSIVE;
				CLANG_WARN_UNREACHABLE_CODE = YES;
				CLANG_WARN__DUPLICATE_METHOD_MATCH = YES;
				CODE_SIGN_IDENTITY = "iPhone Developer";
				COPY_PHASE_STRIP = NO;
				CURRENT_PROJECT_VERSION = 1;
				DEBUG_INFORMATION_FORMAT = "dwarf-with-dsym";
				ENABLE_NS_ASSERTIONS = NO;
				ENABLE_STRICT_OBJC_MSGSEND = YES;
				GCC_C_LANGUAGE_STANDARD = gnu11;
				GCC_NO_COMMON_BLOCKS = YES;
				GCC_WARN_64_TO_32_BIT_CONVERSION = YES;
				GCC_WARN_ABOUT_RETURN_TYPE = YES_ERROR;
				GCC_WARN_UNDECLARED_SELECTOR = YES;
				GCC_WARN_UNINITIALIZED_AUTOS = YES_AGGRESSIVE;
				GCC_WARN_UNUSED_FUNCTION = YES;
				GCC_WARN_UNUSED_VARIABLE = YES;
				IPHONEOS_DEPLOYMENT_TARGET = 9.0;
				MTL_ENABLE_DEBUG_INFO = NO;
				SDKROOT = iphoneos;
				SWIFT_OPTIMIZATION_LEVEL = "-Owholemodule";
				SWIFT_VERSION = 4.0;
				VALIDATE_PRODUCT = YES;
				VERSIONING_SYSTEM = "apple-generic";
				VERSION_INFO_PREFIX = "";
			};
			name = Release;
		};
		9F8B287A1FDDEE8F006C8917 /* Debug */ = {
			isa = XCBuildConfiguration;
			buildSettings = {
				ALWAYS_EMBED_SWIFT_STANDARD_LIBRARIES = YES;
				CLANG_ENABLE_MODULES = YES;
				CODE_SIGN_IDENTITY = "";
				CODE_SIGN_STYLE = Automatic;
				DEFINES_MODULE = YES;
				DEVELOPMENT_TEAM = HK9FBL7C9X;
				DYLIB_COMPATIBILITY_VERSION = 1;
				DYLIB_CURRENT_VERSION = 1;
				DYLIB_INSTALL_NAME_BASE = "@rpath";
				INFOPLIST_FILE = GameIcons/Info.plist;
				INSTALL_PATH = "$(LOCAL_LIBRARY_DIR)/Frameworks";
				LD_RUNPATH_SEARCH_PATHS = "$(inherited) @executable_path/Frameworks @loader_path/Frameworks";
				PRODUCT_BUNDLE_IDENTIFIER = qa.quantum.GameIcons;
				PRODUCT_NAME = "$(TARGET_NAME:c99extidentifier)";
				SKIP_INSTALL = YES;
				SWIFT_OPTIMIZATION_LEVEL = "-Onone";
				SWIFT_VERSION = 4.0;
				TARGETED_DEVICE_FAMILY = "1,2";
			};
			name = Debug;
		};
		9F8B287B1FDDEE8F006C8917 /* Release */ = {
			isa = XCBuildConfiguration;
			buildSettings = {
				ALWAYS_EMBED_SWIFT_STANDARD_LIBRARIES = YES;
				CLANG_ENABLE_MODULES = YES;
				CODE_SIGN_IDENTITY = "";
				CODE_SIGN_STYLE = Automatic;
				DEFINES_MODULE = YES;
				DEVELOPMENT_TEAM = HK9FBL7C9X;
				DYLIB_COMPATIBILITY_VERSION = 1;
				DYLIB_CURRENT_VERSION = 1;
				DYLIB_INSTALL_NAME_BASE = "@rpath";
				INFOPLIST_FILE = GameIcons/Info.plist;
				INSTALL_PATH = "$(LOCAL_LIBRARY_DIR)/Frameworks";
				LD_RUNPATH_SEARCH_PATHS = "$(inherited) @executable_path/Frameworks @loader_path/Frameworks";
				PRODUCT_BUNDLE_IDENTIFIER = qa.quantum.GameIcons;
				PRODUCT_NAME = "$(TARGET_NAME:c99extidentifier)";
				SKIP_INSTALL = YES;
				SWIFT_VERSION = 4.0;
				TARGETED_DEVICE_FAMILY = "1,2";
			};
			name = Release;
		};
		9F8B287D1FDDEE8F006C8917 /* Debug */ = {
			isa = XCBuildConfiguration;
			buildSettings = {
				ALWAYS_EMBED_SWIFT_STANDARD_LIBRARIES = YES;
				CODE_SIGN_STYLE = Automatic;
				DEVELOPMENT_TEAM = HK9FBL7C9X;
				INFOPLIST_FILE = GameIconsTests/Info.plist;
				LD_RUNPATH_SEARCH_PATHS = "$(inherited) @executable_path/Frameworks @loader_path/Frameworks";
				PRODUCT_BUNDLE_IDENTIFIER = qa.quantum.GameIconsTests;
				PRODUCT_NAME = "$(TARGET_NAME)";
				SWIFT_VERSION = 4.0;
				TARGETED_DEVICE_FAMILY = "1,2";
			};
			name = Debug;
		};
		9F8B287E1FDDEE8F006C8917 /* Release */ = {
			isa = XCBuildConfiguration;
			buildSettings = {
				ALWAYS_EMBED_SWIFT_STANDARD_LIBRARIES = YES;
				CODE_SIGN_STYLE = Automatic;
				DEVELOPMENT_TEAM = HK9FBL7C9X;
				INFOPLIST_FILE = GameIconsTests/Info.plist;
				LD_RUNPATH_SEARCH_PATHS = "$(inherited) @executable_path/Frameworks @loader_path/Frameworks";
				PRODUCT_BUNDLE_IDENTIFIER = qa.quantum.GameIconsTests;
				PRODUCT_NAME = "$(TARGET_NAME)";
				SWIFT_VERSION = 4.0;
				TARGETED_DEVICE_FAMILY = "1,2";
			};
			name = Release;
		};
/* End XCBuildConfiguration section */

/* Begin XCConfigurationList section */
		9F8B285F1FDDEE8E006C8917 /* Build configuration list for PBXProject "GameIcons" */ = {
			isa = XCConfigurationList;
			buildConfigurations = (
				9F8B28771FDDEE8F006C8917 /* Debug */,
				9F8B28781FDDEE8F006C8917 /* Release */,
			);
			defaultConfigurationIsVisible = 0;
			defaultConfigurationName = Release;
		};
		9F8B28791FDDEE8F006C8917 /* Build configuration list for PBXNativeTarget "GameIcons" */ = {
			isa = XCConfigurationList;
			buildConfigurations = (
				9F8B287A1FDDEE8F006C8917 /* Debug */,
				9F8B287B1FDDEE8F006C8917 /* Release */,
			);
			defaultConfigurationIsVisible = 0;
			defaultConfigurationName = Release;
		};
		9F8B287C1FDDEE8F006C8917 /* Build configuration list for PBXNativeTarget "GameIconsTests" */ = {
			isa = XCConfigurationList;
			buildConfigurations = (
				9F8B287D1FDDEE8F006C8917 /* Debug */,
				9F8B287E1FDDEE8F006C8917 /* Release */,
			);
			defaultConfigurationIsVisible = 0;
			defaultConfigurationName = Release;
		};
/* End XCConfigurationList section */
	};
	rootObject = 9F8B285C1FDDEE8E006C8917 /* Project object */;
}
