// !$*UTF8*$!
{
	archiveVersion = 1;
	classes = {
	};
	objectVersion = 48;
	objects = {

/* Begin PBXBuildFile section */
		9FA6876E20570D7F00CD877D /* AppDelegate.swift in Sources */ = {isa = PBXBuildFile; fileRef = 9FA6876D20570D7F00CD877D /* AppDelegate.swift */; };
		9FA6877020570D7F00CD877D /* ViewController.swift in Sources */ = {isa = PBXBuildFile; fileRef = 9FA6876F20570D7F00CD877D /* ViewController.swift */; };
		9FA6877320570D7F00CD877D /* Main.storyboard in Resources */ = {isa = PBXBuildFile; fileRef = 9FA6877120570D7F00CD877D /* Main.storyboard */; };
		9FA6877520570D7F00CD877D /* Assets.xcassets in Resources */ = {isa = PBXBuildFile; fileRef = 9FA6877420570D7F00CD877D /* Assets.xcassets */; };
		9FA6877820570D7F00CD877D /* LaunchScreen.storyboard in Resources */ = {isa = PBXBuildFile; fileRef = 9FA6877620570D7F00CD877D /* LaunchScreen.storyboard */; };
		9FDE6F7920570F6E00394C57 /* GameIcons.framework in Frameworks */ = {isa = PBXBuildFile; fileRef = 9FDE6F7820570F6E00394C57 /* GameIcons.framework */; };
		9FDE6F7A20570F6E00394C57 /* GameIcons.framework in Embed Frameworks */ = {isa = PBXBuildFile; fileRef = 9FDE6F7820570F6E00394C57 /* GameIcons.framework */; settings = {ATTRIBUTES = (CodeSignOnCopy, RemoveHeadersOnCopy, ); }; };
/* End PBXBuildFile section */

/* Begin PBXCopyFilesBuildPhase section */
		9FDE6F7B20570F6F00394C57 /* Embed Frameworks */ = {
			isa = PBXCopyFilesBuildPhase;
			buildActionMask = 2147483647;
			dstPath = "";
			dstSubfolderSpec = 10;
			files = (
				9FDE6F7A20570F6E00394C57 /* GameIcons.framework in Embed Frameworks */,
			);
			name = "Embed Frameworks";
			runOnlyForDeploymentPostprocessing = 0;
		};
/* End PBXCopyFilesBuildPhase section */

/* Begin PBXFileReference section */
		9FA6876A20570D7F00CD877D /* GameIconsExample.app */ = {isa = PBXFileReference; explicitFileType = wrapper.application; includeInIndex = 0; path = GameIconsExample.app; sourceTree = BUILT_PRODUCTS_DIR; };
		9FA6876D20570D7F00CD877D /* AppDelegate.swift */ = {isa = PBXFileReference; lastKnownFileType = sourcecode.swift; path = AppDelegate.swift; sourceTree = "<group>"; };
		9FA6876F20570D7F00CD877D /* ViewController.swift */ = {isa = PBXFileReference; lastKnownFileType = sourcecode.swift; path = ViewController.swift; sourceTree = "<group>"; };
		9FA6877220570D7F00CD877D /* Base */ = {isa = PBXFileReference; lastKnownFileType = file.storyboard; name = Base; path = Base.lproj/Main.storyboard; sourceTree = "<group>"; };
		9FA6877420570D7F00CD877D /* Assets.xcassets */ = {isa = PBXFileReference; lastKnownFileType = folder.assetcatalog; path = Assets.xcassets; sourceTree = "<group>"; };
		9FA6877720570D7F00CD877D /* Base */ = {isa = PBXFileReference; lastKnownFileType = file.storyboard; name = Base; path = Base.lproj/LaunchScreen.storyboard; sourceTree = "<group>"; };
		9FA6877920570D7F00CD877D /* Info.plist */ = {isa = PBXFileReference; lastKnownFileType = text.plist.xml; path = Info.plist; sourceTree = "<group>"; };
		9FDE6F7820570F6E00394C57 /* GameIcons.framework */ = {isa = PBXFileReference; explicitFileType = wrapper.framework; path = GameIcons.framework; sourceTree = BUILT_PRODUCTS_DIR; };
/* End PBXFileReference section */

/* Begin PBXFrameworksBuildPhase section */
		9FA6876720570D7F00CD877D /* Frameworks */ = {
			isa = PBXFrameworksBuildPhase;
			buildActionMask = 2147483647;
			files = (
				9FDE6F7920570F6E00394C57 /* GameIcons.framework in Frameworks */,
			);
			runOnlyForDeploymentPostprocessing = 0;
		};
/* End PBXFrameworksBuildPhase section */

/* Begin PBXGroup section */
		9FA6876120570D7F00CD877D = {
			isa = PBXGroup;
			children = (
				9FDE6F7820570F6E00394C57 /* GameIcons.framework */,
				9FA6876C20570D7F00CD877D /* GameIconsExample */,
				9FA6876B20570D7F00CD877D /* Products */,
			);
			sourceTree = "<group>";
		};
		9FA6876B20570D7F00CD877D /* Products */ = {
			isa = PBXGroup;
			children = (
				9FA6876A20570D7F00CD877D /* GameIconsExample.app */,
			);
			name = Products;
			sourceTree = "<group>";
		};
		9FA6876C20570D7F00CD877D /* GameIconsExample */ = {
			isa = PBXGroup;
			children = (
				9FA6876D20570D7F00CD877D /* AppDelegate.swift */,
				9FA6876F20570D7F00CD877D /* ViewController.swift */,
				9FA6877120570D7F00CD877D /* Main.storyboard */,
				9FA6877420570D7F00CD877D /* Assets.xcassets */,
				9FA6877620570D7F00CD877D /* LaunchScreen.storyboard */,
				9FA6877920570D7F00CD877D /* Info.plist */,
			);
			path = GameIconsExample;
			sourceTree = "<group>";
		};
/* End PBXGroup section */

/* Begin PBXNativeTarget section */
		9FA6876920570D7F00CD877D /* GameIconsExample */ = {
			isa = PBXNativeTarget;
			buildConfigurationList = 9FA6877C20570D7F00CD877D /* Build configuration list for PBXNativeTarget "GameIconsExample" */;
			buildPhases = (
				9FA6876620570D7F00CD877D /* Sources */,
				9FA6876720570D7F00CD877D /* Frameworks */,
				9FA6876820570D7F00CD877D /* Resources */,
				9FDE6F7B20570F6F00394C57 /* Embed Frameworks */,
			);
			buildRules = (
			);
			dependencies = (
			);
			name = GameIconsExample;
			productName = GameIconsExample;
			productReference = 9FA6876A20570D7F00CD877D /* GameIconsExample.app */;
			productType = "com.apple.product-type.application";
		};
/* End PBXNativeTarget section */

/* Begin PBXProject section */
		9FA6876220570D7F00CD877D /* Project object */ = {
			isa = PBXProject;
			attributes = {
				LastSwiftUpdateCheck = 0920;
				LastUpgradeCheck = 0930;
				ORGANIZATIONNAME = "Christian Oberdörfer";
				TargetAttributes = {
					9FA6876920570D7F00CD877D = {
						CreatedOnToolsVersion = 9.2;
						LastSwiftMigration = 1010;
						ProvisioningStyle = Automatic;
					};
				};
			};
			buildConfigurationList = 9FA6876520570D7F00CD877D /* Build configuration list for PBXProject "GameIconsExample" */;
			compatibilityVersion = "Xcode 8.0";
			developmentRegion = en;
			hasScannedForEncodings = 0;
			knownRegions = (
				en,
				Base,
			);
			mainGroup = 9FA6876120570D7F00CD877D;
			productRefGroup = 9FA6876B20570D7F00CD877D /* Products */;
			projectDirPath = "";
			projectRoot = "";
			targets = (
				9FA6876920570D7F00CD877D /* GameIconsExample */,
			);
		};
/* End PBXProject section */

/* Begin PBXResourcesBuildPhase section */
		9FA6876820570D7F00CD877D /* Resources */ = {
			isa = PBXResourcesBuildPhase;
			buildActionMask = 2147483647;
			files = (
				9FA6877820570D7F00CD877D /* LaunchScreen.storyboard in Resources */,
				9FA6877520570D7F00CD877D /* Assets.xcassets in Resources */,
				9FA6877320570D7F00CD877D /* Main.storyboard in Resources */,
			);
			runOnlyForDeploymentPostprocessing = 0;
		};
/* End PBXResourcesBuildPhase section */

/* Begin PBXSourcesBuildPhase section */
		9FA6876620570D7F00CD877D /* Sources */ = {
			isa = PBXSourcesBuildPhase;
			buildActionMask = 2147483647;
			files = (
				9FA6877020570D7F00CD877D /* ViewController.swift in Sources */,
				9FA6876E20570D7F00CD877D /* AppDelegate.swift in Sources */,
			);
			runOnlyForDeploymentPostprocessing = 0;
		};
/* End PBXSourcesBuildPhase section */

/* Begin PBXVariantGroup section */
		9FA6877120570D7F00CD877D /* Main.storyboard */ = {
			isa = PBXVariantGroup;
			children = (
				9FA6877220570D7F00CD877D /* Base */,
			);
			name = Main.storyboard;
			sourceTree = "<group>";
		};
		9FA6877620570D7F00CD877D /* LaunchScreen.storyboard */ = {
			isa = PBXVariantGroup;
			children = (
				9FA6877720570D7F00CD877D /* Base */,
			);
			name = LaunchScreen.storyboard;
			sourceTree = "<group>";
		};
/* End PBXVariantGroup section */

/* Begin XCBuildConfiguration section */
		9FA6877A20570D7F00CD877D /* Debug */ = {
			isa = XCBuildConfiguration;
			buildSettings = {
				ALWAYS_SEARCH_USER_PATHS = NO;
				CLANG_ANALYZER_NONNULL = YES;
				CLANG_ANALYZER_NUMBER_OBJECT_CONVERSION = YES_AGGRESSIVE;
				CLANG_CXX_LANGUAGE_STANDARD = "gnu++14";
				CLANG_CXX_LIBRARY = "libc++";
				CLANG_ENABLE_MODULES = YES;
				CLANG_ENABLE_OBJC_ARC = YES;
				CLANG_WARN_BLOCK_CAPTURE_AUTORELEASING = YES;
				CLANG_WARN_BOOL_CONVERSION = YES;
				CLANG_WARN_COMMA = YES;
				CLANG_WARN_CONSTANT_CONVERSION = YES;
				CLANG_WARN_DEPRECATED_OBJC_IMPLEMENTATIONS = YES;
				CLANG_WARN_DIRECT_OBJC_ISA_USAGE = YES_ERROR;
				CLANG_WARN_DOCUMENTATION_COMMENTS = YES;
				CLANG_WARN_EMPTY_BODY = YES;
				CLANG_WARN_ENUM_CONVERSION = YES;
				CLANG_WARN_INFINITE_RECURSION = YES;
				CLANG_WARN_INT_CONVERSION = YES;
				CLANG_WARN_NON_LITERAL_NULL_CONVERSION = YES;
				CLANG_WARN_OBJC_IMPLICIT_RETAIN_SELF = YES;
				CLANG_WARN_OBJC_LITERAL_CONVERSION = YES;
				CLANG_WARN_OBJC_ROOT_CLASS = YES_ERROR;
				CLANG_WARN_RANGE_LOOP_ANALYSIS = YES;
				CLANG_WARN_STRICT_PROTOTYPES = YES;
				CLANG_WARN_SUSPICIOUS_MOVE = YES;
				CLANG_WARN_UNGUARDED_AVAILABILITY = YES_AGGRESSIVE;
				CLANG_WARN_UNREACHABLE_CODE = YES;
				CLANG_WARN__DUPLICATE_METHOD_MATCH = YES;
				CODE_SIGN_IDENTITY = "iPhone Developer";
				COPY_PHASE_STRIP = NO;
				DEBUG_INFORMATION_FORMAT = dwarf;
				ENABLE_STRICT_OBJC_MSGSEND = YES;
				ENABLE_TESTABILITY = YES;
				GCC_C_LANGUAGE_STANDARD = gnu11;
				GCC_DYNAMIC_NO_PIC = NO;
				GCC_NO_COMMON_BLOCKS = YES;
				GCC_OPTIMIZATION_LEVEL = 0;
				GCC_PREPROCESSOR_DEFINITIONS = (
					"DEBUG=1",
					"$(inherited)",
				);
				GCC_WARN_64_TO_32_BIT_CONVERSION = YES;
				GCC_WARN_ABOUT_RETURN_TYPE = YES_ERROR;
				GCC_WARN_UNDECLARED_SELECTOR = YES;
				GCC_WARN_UNINITIALIZED_AUTOS = YES_AGGRESSIVE;
				GCC_WARN_UNUSED_FUNCTION = YES;
				GCC_WARN_UNUSED_VARIABLE = YES;
				IPHONEOS_DEPLOYMENT_TARGET = 10.0;
				MTL_ENABLE_DEBUG_INFO = YES;
				ONLY_ACTIVE_ARCH = YES;
				SDKROOT = iphoneos;
				SWIFT_ACTIVE_COMPILATION_CONDITIONS = DEBUG;
				SWIFT_OPTIMIZATION_LEVEL = "-Onone";
				SWIFT_VERSION = 4.0;
			};
			name = Debug;
		};
		9FA6877B20570D7F00CD877D /* Release */ = {
			isa = XCBuildConfiguration;
			buildSettings = {
				ALWAYS_SEARCH_USER_PATHS = NO;
				CLANG_ANALYZER_NONNULL = YES;
				CLANG_ANALYZER_NUMBER_OBJECT_CONVERSION = YES_AGGRESSIVE;
				CLANG_CXX_LANGUAGE_STANDARD = "gnu++14";
				CLANG_CXX_LIBRARY = "libc++";
				CLANG_ENABLE_MODULES = YES;
				CLANG_ENABLE_OBJC_ARC = YES;
				CLANG_WARN_BLOCK_CAPTURE_AUTORELEASING = YES;
				CLANG_WARN_BOOL_CONVERSION = YES;
				CLANG_WARN_COMMA = YES;
				CLANG_WARN_CONSTANT_CONVERSION = YES;
				CLANG_WARN_DEPRECATED_OBJC_IMPLEMENTATIONS = YES;
				CLANG_WARN_DIRECT_OBJC_ISA_USAGE = YES_ERROR;
				CLANG_WARN_DOCUMENTATION_COMMENTS = YES;
				CLANG_WARN_EMPTY_BODY = YES;
				CLANG_WARN_ENUM_CONVERSION = YES;
				CLANG_WARN_INFINITE_RECURSION = YES;
				CLANG_WARN_INT_CONVERSION = YES;
				CLANG_WARN_NON_LITERAL_NULL_CONVERSION = YES;
				CLANG_WARN_OBJC_IMPLICIT_RETAIN_SELF = YES;
				CLANG_WARN_OBJC_LITERAL_CONVERSION = YES;
				CLANG_WARN_OBJC_ROOT_CLASS = YES_ERROR;
				CLANG_WARN_RANGE_LOOP_ANALYSIS = YES;
				CLANG_WARN_STRICT_PROTOTYPES = YES;
				CLANG_WARN_SUSPICIOUS_MOVE = YES;
				CLANG_WARN_UNGUARDED_AVAILABILITY = YES_AGGRESSIVE;
				CLANG_WARN_UNREACHABLE_CODE = YES;
				CLANG_WARN__DUPLICATE_METHOD_MATCH = YES;
				CODE_SIGN_IDENTITY = "iPhone Developer";
				COPY_PHASE_STRIP = NO;
				DEBUG_INFORMATION_FORMAT = "dwarf-with-dsym";
				ENABLE_NS_ASSERTIONS = NO;
				ENABLE_STRICT_OBJC_MSGSEND = YES;
				GCC_C_LANGUAGE_STANDARD = gnu11;
				GCC_NO_COMMON_BLOCKS = YES;
				GCC_WARN_64_TO_32_BIT_CONVERSION = YES;
				GCC_WARN_ABOUT_RETURN_TYPE = YES_ERROR;
				GCC_WARN_UNDECLARED_SELECTOR = YES;
				GCC_WARN_UNINITIALIZED_AUTOS = YES_AGGRESSIVE;
				GCC_WARN_UNUSED_FUNCTION = YES;
				GCC_WARN_UNUSED_VARIABLE = YES;
				IPHONEOS_DEPLOYMENT_TARGET = 10.0;
				MTL_ENABLE_DEBUG_INFO = NO;
				SDKROOT = iphoneos;
				SWIFT_OPTIMIZATION_LEVEL = "-Owholemodule";
				SWIFT_VERSION = 4.0;
				VALIDATE_PRODUCT = YES;
			};
			name = Release;
		};
		9FA6877D20570D7F00CD877D /* Debug */ = {
			isa = XCBuildConfiguration;
			buildSettings = {
				ASSETCATALOG_COMPILER_APPICON_NAME = AppIcon;
				CODE_SIGN_STYLE = Automatic;
				DEVELOPMENT_TEAM = "";
				INFOPLIST_FILE = GameIconsExample/Info.plist;
				LD_RUNPATH_SEARCH_PATHS = "$(inherited) @executable_path/Frameworks";
				PRODUCT_BUNDLE_IDENTIFIER = qa.quantum.GameIconsExample;
				PRODUCT_NAME = "$(TARGET_NAME)";
				SWIFT_VERSION = 4.2;
				TARGETED_DEVICE_FAMILY = "1,2";
			};
			name = Debug;
		};
		9FA6877E20570D7F00CD877D /* Release */ = {
			isa = XCBuildConfiguration;
			buildSettings = {
				ASSETCATALOG_COMPILER_APPICON_NAME = AppIcon;
				CODE_SIGN_STYLE = Automatic;
				DEVELOPMENT_TEAM = "";
				INFOPLIST_FILE = GameIconsExample/Info.plist;
				LD_RUNPATH_SEARCH_PATHS = "$(inherited) @executable_path/Frameworks";
				PRODUCT_BUNDLE_IDENTIFIER = qa.quantum.GameIconsExample;
				PRODUCT_NAME = "$(TARGET_NAME)";
				SWIFT_VERSION = 4.2;
				TARGETED_DEVICE_FAMILY = "1,2";
			};
			name = Release;
		};
/* End XCBuildConfiguration section */

/* Begin XCConfigurationList section */
		9FA6876520570D7F00CD877D /* Build configuration list for PBXProject "GameIconsExample" */ = {
			isa = XCConfigurationList;
			buildConfigurations = (
				9FA6877A20570D7F00CD877D /* Debug */,
				9FA6877B20570D7F00CD877D /* Release */,
			);
			defaultConfigurationIsVisible = 0;
			defaultConfigurationName = Release;
		};
		9FA6877C20570D7F00CD877D /* Build configuration list for PBXNativeTarget "GameIconsExample" */ = {
			isa = XCConfigurationList;
			buildConfigurations = (
				9FA6877D20570D7F00CD877D /* Debug */,
				9FA6877E20570D7F00CD877D /* Release */,
			);
			defaultConfigurationIsVisible = 0;
			defaultConfigurationName = Release;
		};
/* End XCConfigurationList section */
	};
	rootObject = 9FA6876220570D7F00CD877D /* Project object */;
}
